// !$*UTF8*$!
{
	archiveVersion = 1;
	classes = {
	};
	objectVersion = 46;
	objects = {

/* Begin PBXBuildFile section */
		1605CF8C19741DE500634339 /* DialogView.m in Sources */ = {isa = PBXBuildFile; fileRef = 1605CF8B19741DE500634339 /* DialogView.m */; };
		1605CFBB19741EC100634339 /* FifthViewController.m in Sources */ = {isa = PBXBuildFile; fileRef = 1605CFAE19741EC100634339 /* FifthViewController.m */; };
		1605CFBC19741EC100634339 /* FirstViewController.m in Sources */ = {isa = PBXBuildFile; fileRef = 1605CFB019741EC100634339 /* FirstViewController.m */; };
		1605CFBD19741EC100634339 /* FourthViewController.m in Sources */ = {isa = PBXBuildFile; fileRef = 1605CFB219741EC100634339 /* FourthViewController.m */; };
		1605CFBE19741EC100634339 /* LeftMenuViewController.m in Sources */ = {isa = PBXBuildFile; fileRef = 1605CFB419741EC100634339 /* LeftMenuViewController.m */; };
		1605CFBF19741EC100634339 /* RootViewController.m in Sources */ = {isa = PBXBuildFile; fileRef = 1605CFB619741EC100634339 /* RootViewController.m */; };
		1605CFC019741EC100634339 /* SecondViewController.m in Sources */ = {isa = PBXBuildFile; fileRef = 1605CFB819741EC100634339 /* SecondViewController.m */; };
		1605CFC119741EC100634339 /* ThirdViewController.m in Sources */ = {isa = PBXBuildFile; fileRef = 1605CFBA19741EC100634339 /* ThirdViewController.m */; };
		1605CFD01974204300634339 /* ListDetailViewController.m in Sources */ = {isa = PBXBuildFile; fileRef = 1605CFCF1974204300634339 /* ListDetailViewController.m */; };
		1605CFD71974208E00634339 /* ChecklistViewController.m in Sources */ = {isa = PBXBuildFile; fileRef = 1605CFD21974208E00634339 /* ChecklistViewController.m */; };
		1605CFD81974208E00634339 /* IconPickerViewController.m in Sources */ = {isa = PBXBuildFile; fileRef = 1605CFD41974208E00634339 /* IconPickerViewController.m */; };
		1605CFD91974208E00634339 /* ItemDetailViewController.m in Sources */ = {isa = PBXBuildFile; fileRef = 1605CFD61974208E00634339 /* ItemDetailViewController.m */; };
		1605CFE01974209700634339 /* Checklist.m in Sources */ = {isa = PBXBuildFile; fileRef = 1605CFDB1974209700634339 /* Checklist.m */; };
		1605CFE11974209700634339 /* ChecklistItem.m in Sources */ = {isa = PBXBuildFile; fileRef = 1605CFDD1974209700634339 /* ChecklistItem.m */; };
		1605CFE21974209700634339 /* DataModel.m in Sources */ = {isa = PBXBuildFile; fileRef = 1605CFDF1974209700634339 /* DataModel.m */; };
		16B35DD41958539200BA6D86 /* Foundation.framework in Frameworks */ = {isa = PBXBuildFile; fileRef = 16B35DD31958539200BA6D86 /* Foundation.framework */; };
		16B35DD61958539200BA6D86 /* CoreGraphics.framework in Frameworks */ = {isa = PBXBuildFile; fileRef = 16B35DD51958539200BA6D86 /* CoreGraphics.framework */; };
		16B35DD81958539200BA6D86 /* UIKit.framework in Frameworks */ = {isa = PBXBuildFile; fileRef = 16B35DD71958539200BA6D86 /* UIKit.framework */; };
		16B35DDE1958539200BA6D86 /* InfoPlist.strings in Resources */ = {isa = PBXBuildFile; fileRef = 16B35DDC1958539200BA6D86 /* InfoPlist.strings */; };
		16B35DE01958539200BA6D86 /* main.m in Sources */ = {isa = PBXBuildFile; fileRef = 16B35DDF1958539200BA6D86 /* main.m */; };
		16B35DE41958539200BA6D86 /* AppDelegate.m in Sources */ = {isa = PBXBuildFile; fileRef = 16B35DE31958539200BA6D86 /* AppDelegate.m */; };
		16B35DEC1958539200BA6D86 /* Images.xcassets in Resources */ = {isa = PBXBuildFile; fileRef = 16B35DEB1958539200BA6D86 /* Images.xcassets */; };
		16B35DF31958539200BA6D86 /* XCTest.framework in Frameworks */ = {isa = PBXBuildFile; fileRef = 16B35DF21958539200BA6D86 /* XCTest.framework */; };
		16B35DF41958539200BA6D86 /* Foundation.framework in Frameworks */ = {isa = PBXBuildFile; fileRef = 16B35DD31958539200BA6D86 /* Foundation.framework */; };
		16B35DF51958539200BA6D86 /* UIKit.framework in Frameworks */ = {isa = PBXBuildFile; fileRef = 16B35DD71958539200BA6D86 /* UIKit.framework */; };
		16B35DFD1958539200BA6D86 /* InfoPlist.strings in Resources */ = {isa = PBXBuildFile; fileRef = 16B35DFB1958539200BA6D86 /* InfoPlist.strings */; };
		16B35DFF1958539200BA6D86 /* KYTests.m in Sources */ = {isa = PBXBuildFile; fileRef = 16B35DFE1958539200BA6D86 /* KYTests.m */; };
		16B35E60195855E400BA6D86 /* IconCalendar@2x.png in Resources */ = {isa = PBXBuildFile; fileRef = 16B35E57195855E400BA6D86 /* IconCalendar@2x.png */; };
		16B35E61195855E400BA6D86 /* IconHome@2x.png in Resources */ = {isa = PBXBuildFile; fileRef = 16B35E58195855E400BA6D86 /* IconHome@2x.png */; };
		16B35E63195855E400BA6D86 /* IconSettings@2x.png in Resources */ = {isa = PBXBuildFile; fileRef = 16B35E5A195855E400BA6D86 /* IconSettings@2x.png */; };
		16B35E65195855E400BA6D86 /* MenuBackground@2x.png in Resources */ = {isa = PBXBuildFile; fileRef = 16B35E5C195855E400BA6D86 /* MenuBackground@2x.png */; };
		16B35E66195855E400BA6D86 /* nav_menu@2x.png in Resources */ = {isa = PBXBuildFile; fileRef = 16B35E5D195855E400BA6D86 /* nav_menu@2x.png */; };
		16B35E801958574A00BA6D86 /* CalendarDateUtil.m in Sources */ = {isa = PBXBuildFile; fileRef = 16B35E7D1958574A00BA6D86 /* CalendarDateUtil.m */; };
		16B35E811958574A00BA6D86 /* UIBaseClass.m in Sources */ = {isa = PBXBuildFile; fileRef = 16B35E7F1958574A00BA6D86 /* UIBaseClass.m */; };
		16B35E891958579500BA6D86 /* MZTimerLabel.m in Sources */ = {isa = PBXBuildFile; fileRef = 16B35E881958579500BA6D86 /* MZTimerLabel.m */; };
		16B35E90195857B500BA6D86 /* RECommonFunctions.m in Sources */ = {isa = PBXBuildFile; fileRef = 16B35E8B195857B500BA6D86 /* RECommonFunctions.m */; };
		16B35E91195857B500BA6D86 /* RESideMenu.m in Sources */ = {isa = PBXBuildFile; fileRef = 16B35E8D195857B500BA6D86 /* RESideMenu.m */; };
		16B35E92195857B500BA6D86 /* UIViewController+RESideMenu.m in Sources */ = {isa = PBXBuildFile; fileRef = 16B35E8F195857B500BA6D86 /* UIViewController+RESideMenu.m */; };
		16B35E95195857CA00BA6D86 /* SFCountdownView.m in Sources */ = {isa = PBXBuildFile; fileRef = 16B35E94195857CA00BA6D86 /* SFCountdownView.m */; };
		16B35E991958585E00BA6D86 /* greenRound-80-80.png in Resources */ = {isa = PBXBuildFile; fileRef = 16B35E981958585E00BA6D86 /* greenRound-80-80.png */; };
		16B35EA4195C424200BA6D86 /* iAd.framework in Frameworks */ = {isa = PBXBuildFile; fileRef = 16B35EA3195C424200BA6D86 /* iAd.framework */; };
		16B5E9621961446B007F2E42 /* MBProgressHUD.m in Sources */ = {isa = PBXBuildFile; fileRef = 16B5E9611961446B007F2E42 /* MBProgressHUD.m */; };
		16B5E97519617E45007F2E42 /* Main.storyboard in Resources */ = {isa = PBXBuildFile; fileRef = 16B35DE51958539200BA6D86 /* Main.storyboard */; };
		16B5E97A19618EDE007F2E42 /* AddressBookUI.framework in Frameworks */ = {isa = PBXBuildFile; fileRef = 16B5E97919618EDE007F2E42 /* AddressBookUI.framework */; };
		16D24E00195D1E9C003D015B /* Eyes@2x.png in Resources */ = {isa = PBXBuildFile; fileRef = 16D24DFF195D1E9C003D015B /* Eyes@2x.png */; };
		16D24E02195D1F5E003D015B /* Experience@2x.png in Resources */ = {isa = PBXBuildFile; fileRef = 16D24E01195D1F5E003D015B /* Experience@2x.png */; };
		16D24E04195D2111003D015B /* Book@2x.png in Resources */ = {isa = PBXBuildFile; fileRef = 16D24E03195D2111003D015B /* Book@2x.png */; };
		16D24E0B195D559D003D015B /* Specilized course@2x.png in Resources */ = {isa = PBXBuildFile; fileRef = 16D24E0A195D559D003D015B /* Specilized course@2x.png */; };
/* End PBXBuildFile section */

/* Begin PBXContainerItemProxy section */
		16B35DF61958539200BA6D86 /* PBXContainerItemProxy */ = {
			isa = PBXContainerItemProxy;
			containerPortal = 16B35DC81958539200BA6D86 /* Project object */;
			proxyType = 1;
			remoteGlobalIDString = 16B35DCF1958539200BA6D86;
			remoteInfo = KY;
		};
/* End PBXContainerItemProxy section */

/* Begin PBXFileReference section */
		1605CF8B19741DE500634339 /* DialogView.m */ = {isa = PBXFileReference; fileEncoding = 4; lastKnownFileType = sourcecode.c.objc; name = DialogView.m; path = KY/DialogView.m; sourceTree = "<group>"; };
		1605CF8D19741E2400634339 /* DialogView.h */ = {isa = PBXFileReference; fileEncoding = 4; lastKnownFileType = sourcecode.c.h; name = DialogView.h; path = KY/DialogView.h; sourceTree = "<group>"; };
		1605CFAD19741EC100634339 /* FifthViewController.h */ = {isa = PBXFileReference; fileEncoding = 4; lastKnownFileType = sourcecode.c.h; name = FifthViewController.h; path = KY/FifthViewController.h; sourceTree = "<group>"; };
		1605CFAE19741EC100634339 /* FifthViewController.m */ = {isa = PBXFileReference; fileEncoding = 4; lastKnownFileType = sourcecode.c.objc; name = FifthViewController.m; path = KY/FifthViewController.m; sourceTree = "<group>"; };
		1605CFAF19741EC100634339 /* FirstViewController.h */ = {isa = PBXFileReference; fileEncoding = 4; lastKnownFileType = sourcecode.c.h; name = FirstViewController.h; path = KY/FirstViewController.h; sourceTree = "<group>"; };
		1605CFB019741EC100634339 /* FirstViewController.m */ = {isa = PBXFileReference; fileEncoding = 4; lastKnownFileType = sourcecode.c.objc; name = FirstViewController.m; path = KY/FirstViewController.m; sourceTree = "<group>"; };
		1605CFB119741EC100634339 /* FourthViewController.h */ = {isa = PBXFileReference; fileEncoding = 4; lastKnownFileType = sourcecode.c.h; name = FourthViewController.h; path = KY/FourthViewController.h; sourceTree = "<group>"; };
		1605CFB219741EC100634339 /* FourthViewController.m */ = {isa = PBXFileReference; fileEncoding = 4; lastKnownFileType = sourcecode.c.objc; name = FourthViewController.m; path = KY/FourthViewController.m; sourceTree = "<group>"; };
		1605CFB319741EC100634339 /* LeftMenuViewController.h */ = {isa = PBXFileReference; fileEncoding = 4; lastKnownFileType = sourcecode.c.h; name = LeftMenuViewController.h; path = KY/LeftMenuViewController.h; sourceTree = "<group>"; };
		1605CFB419741EC100634339 /* LeftMenuViewController.m */ = {isa = PBXFileReference; fileEncoding = 4; lastKnownFileType = sourcecode.c.objc; name = LeftMenuViewController.m; path = KY/LeftMenuViewController.m; sourceTree = "<group>"; };
		1605CFB519741EC100634339 /* RootViewController.h */ = {isa = PBXFileReference; fileEncoding = 4; lastKnownFileType = sourcecode.c.h; name = RootViewController.h; path = KY/RootViewController.h; sourceTree = "<group>"; };
		1605CFB619741EC100634339 /* RootViewController.m */ = {isa = PBXFileReference; fileEncoding = 4; lastKnownFileType = sourcecode.c.objc; name = RootViewController.m; path = KY/RootViewController.m; sourceTree = "<group>"; };
		1605CFB719741EC100634339 /* SecondViewController.h */ = {isa = PBXFileReference; fileEncoding = 4; lastKnownFileType = sourcecode.c.h; name = SecondViewController.h; path = KY/SecondViewController.h; sourceTree = "<group>"; };
		1605CFB819741EC100634339 /* SecondViewController.m */ = {isa = PBXFileReference; fileEncoding = 4; lastKnownFileType = sourcecode.c.objc; name = SecondViewController.m; path = KY/SecondViewController.m; sourceTree = "<group>"; };
		1605CFB919741EC100634339 /* ThirdViewController.h */ = {isa = PBXFileReference; fileEncoding = 4; lastKnownFileType = sourcecode.c.h; name = ThirdViewController.h; path = KY/ThirdViewController.h; sourceTree = "<group>"; };
		1605CFBA19741EC100634339 /* ThirdViewController.m */ = {isa = PBXFileReference; fileEncoding = 4; lastKnownFileType = sourcecode.c.objc; name = ThirdViewController.m; path = KY/ThirdViewController.m; sourceTree = "<group>"; };
		1605CFCE1974204300634339 /* ListDetailViewController.h */ = {isa = PBXFileReference; fileEncoding = 4; lastKnownFileType = sourcecode.c.h; name = ListDetailViewController.h; path = KY/ListDetailViewController.h; sourceTree = "<group>"; };
		1605CFCF1974204300634339 /* ListDetailViewController.m */ = {isa = PBXFileReference; fileEncoding = 4; lastKnownFileType = sourcecode.c.objc; name = ListDetailViewController.m; path = KY/ListDetailViewController.m; sourceTree = "<group>"; };
		1605CFD11974208E00634339 /* ChecklistViewController.h */ = {isa = PBXFileReference; fileEncoding = 4; lastKnownFileType = sourcecode.c.h; name = ChecklistViewController.h; path = KY/checklist/ChecklistViewController.h; sourceTree = "<group>"; };
		1605CFD21974208E00634339 /* ChecklistViewController.m */ = {isa = PBXFileReference; fileEncoding = 4; lastKnownFileType = sourcecode.c.objc; name = ChecklistViewController.m; path = KY/checklist/ChecklistViewController.m; sourceTree = "<group>"; };
		1605CFD31974208E00634339 /* IconPickerViewController.h */ = {isa = PBXFileReference; fileEncoding = 4; lastKnownFileType = sourcecode.c.h; name = IconPickerViewController.h; path = KY/checklist/IconPickerViewController.h; sourceTree = "<group>"; };
		1605CFD41974208E00634339 /* IconPickerViewController.m */ = {isa = PBXFileReference; fileEncoding = 4; lastKnownFileType = sourcecode.c.objc; name = IconPickerViewController.m; path = KY/checklist/IconPickerViewController.m; sourceTree = "<group>"; };
		1605CFD51974208E00634339 /* ItemDetailViewController.h */ = {isa = PBXFileReference; fileEncoding = 4; lastKnownFileType = sourcecode.c.h; name = ItemDetailViewController.h; path = KY/checklist/ItemDetailViewController.h; sourceTree = "<group>"; };
		1605CFD61974208E00634339 /* ItemDetailViewController.m */ = {isa = PBXFileReference; fileEncoding = 4; lastKnownFileType = sourcecode.c.objc; name = ItemDetailViewController.m; path = KY/checklist/ItemDetailViewController.m; sourceTree = "<group>"; };
		1605CFDA1974209700634339 /* Checklist.h */ = {isa = PBXFileReference; fileEncoding = 4; lastKnownFileType = sourcecode.c.h; name = Checklist.h; path = KY/checklist/Checklist.h; sourceTree = "<group>"; };
		1605CFDB1974209700634339 /* Checklist.m */ = {isa = PBXFileReference; fileEncoding = 4; lastKnownFileType = sourcecode.c.objc; name = Checklist.m; path = KY/checklist/Checklist.m; sourceTree = "<group>"; };
		1605CFDC1974209700634339 /* ChecklistItem.h */ = {isa = PBXFileReference; fileEncoding = 4; lastKnownFileType = sourcecode.c.h; name = ChecklistItem.h; path = KY/checklist/ChecklistItem.h; sourceTree = "<group>"; };
		1605CFDD1974209700634339 /* ChecklistItem.m */ = {isa = PBXFileReference; fileEncoding = 4; lastKnownFileType = sourcecode.c.objc; name = ChecklistItem.m; path = KY/checklist/ChecklistItem.m; sourceTree = "<group>"; };
		1605CFDE1974209700634339 /* DataModel.h */ = {isa = PBXFileReference; fileEncoding = 4; lastKnownFileType = sourcecode.c.h; name = DataModel.h; path = KY/checklist/DataModel.h; sourceTree = "<group>"; };
		1605CFDF1974209700634339 /* DataModel.m */ = {isa = PBXFileReference; fileEncoding = 4; lastKnownFileType = sourcecode.c.objc; name = DataModel.m; path = KY/checklist/DataModel.m; sourceTree = "<group>"; };
		16B35DD01958539200BA6D86 /* KY.app */ = {isa = PBXFileReference; explicitFileType = wrapper.application; includeInIndex = 0; path = KY.app; sourceTree = BUILT_PRODUCTS_DIR; };
		16B35DD31958539200BA6D86 /* Foundation.framework */ = {isa = PBXFileReference; lastKnownFileType = wrapper.framework; name = Foundation.framework; path = System/Library/Frameworks/Foundation.framework; sourceTree = SDKROOT; };
		16B35DD51958539200BA6D86 /* CoreGraphics.framework */ = {isa = PBXFileReference; lastKnownFileType = wrapper.framework; name = CoreGraphics.framework; path = System/Library/Frameworks/CoreGraphics.framework; sourceTree = SDKROOT; };
		16B35DD71958539200BA6D86 /* UIKit.framework */ = {isa = PBXFileReference; lastKnownFileType = wrapper.framework; name = UIKit.framework; path = System/Library/Frameworks/UIKit.framework; sourceTree = SDKROOT; };
		16B35DDB1958539200BA6D86 /* KY-Info.plist */ = {isa = PBXFileReference; lastKnownFileType = text.plist.xml; path = "KY-Info.plist"; sourceTree = "<group>"; };
		16B35DDD1958539200BA6D86 /* en */ = {isa = PBXFileReference; lastKnownFileType = text.plist.strings; name = en; path = en.lproj/InfoPlist.strings; sourceTree = "<group>"; };
		16B35DDF1958539200BA6D86 /* main.m */ = {isa = PBXFileReference; lastKnownFileType = sourcecode.c.objc; path = main.m; sourceTree = "<group>"; };
		16B35DE11958539200BA6D86 /* KY-Prefix.pch */ = {isa = PBXFileReference; lastKnownFileType = sourcecode.c.h; path = "KY-Prefix.pch"; sourceTree = "<group>"; };
		16B35DE21958539200BA6D86 /* AppDelegate.h */ = {isa = PBXFileReference; lastKnownFileType = sourcecode.c.h; name = AppDelegate.h; path = KY/AppDelegate.h; sourceTree = "<group>"; };
		16B35DE31958539200BA6D86 /* AppDelegate.m */ = {isa = PBXFileReference; lastKnownFileType = sourcecode.c.objc; name = AppDelegate.m; path = KY/AppDelegate.m; sourceTree = "<group>"; };
		16B35DE61958539200BA6D86 /* Base */ = {isa = PBXFileReference; lastKnownFileType = file.storyboard; name = Base; path = Base.lproj/Main.storyboard; sourceTree = "<group>"; };
		16B35DEB1958539200BA6D86 /* Images.xcassets */ = {isa = PBXFileReference; lastKnownFileType = folder.assetcatalog; path = Images.xcassets; sourceTree = "<group>"; };
		16B35DF11958539200BA6D86 /* KYTests.xctest */ = {isa = PBXFileReference; explicitFileType = wrapper.cfbundle; includeInIndex = 0; path = KYTests.xctest; sourceTree = BUILT_PRODUCTS_DIR; };
		16B35DF21958539200BA6D86 /* XCTest.framework */ = {isa = PBXFileReference; lastKnownFileType = wrapper.framework; name = XCTest.framework; path = Library/Frameworks/XCTest.framework; sourceTree = DEVELOPER_DIR; };
		16B35DFA1958539200BA6D86 /* KYTests-Info.plist */ = {isa = PBXFileReference; lastKnownFileType = text.plist.xml; path = "KYTests-Info.plist"; sourceTree = "<group>"; };
		16B35DFC1958539200BA6D86 /* en */ = {isa = PBXFileReference; lastKnownFileType = text.plist.strings; name = en; path = en.lproj/InfoPlist.strings; sourceTree = "<group>"; };
		16B35DFE1958539200BA6D86 /* KYTests.m */ = {isa = PBXFileReference; lastKnownFileType = sourcecode.c.objc; path = KYTests.m; sourceTree = "<group>"; };
		16B35E57195855E400BA6D86 /* IconCalendar@2x.png */ = {isa = PBXFileReference; lastKnownFileType = image.png; name = "IconCalendar@2x.png"; path = "resources/IconCalendar@2x.png"; sourceTree = "<group>"; };
		16B35E58195855E400BA6D86 /* IconHome@2x.png */ = {isa = PBXFileReference; lastKnownFileType = image.png; name = "IconHome@2x.png"; path = "resources/IconHome@2x.png"; sourceTree = "<group>"; };
		16B35E5A195855E400BA6D86 /* IconSettings@2x.png */ = {isa = PBXFileReference; lastKnownFileType = image.png; name = "IconSettings@2x.png"; path = "resources/IconSettings@2x.png"; sourceTree = "<group>"; };
		16B35E5C195855E400BA6D86 /* MenuBackground@2x.png */ = {isa = PBXFileReference; lastKnownFileType = image.png; name = "MenuBackground@2x.png"; path = "resources/MenuBackground@2x.png"; sourceTree = "<group>"; };
		16B35E5D195855E400BA6D86 /* nav_menu@2x.png */ = {isa = PBXFileReference; lastKnownFileType = image.png; name = "nav_menu@2x.png"; path = "resources/nav_menu@2x.png"; sourceTree = "<group>"; };
		16B35E7C1958574A00BA6D86 /* CalendarDateUtil.h */ = {isa = PBXFileReference; fileEncoding = 4; lastKnownFileType = sourcecode.c.h; name = CalendarDateUtil.h; path = vendors/calendar/CalendarDateUtil.h; sourceTree = "<group>"; };
		16B35E7D1958574A00BA6D86 /* CalendarDateUtil.m */ = {isa = PBXFileReference; fileEncoding = 4; lastKnownFileType = sourcecode.c.objc; name = CalendarDateUtil.m; path = vendors/calendar/CalendarDateUtil.m; sourceTree = "<group>"; };
		16B35E7E1958574A00BA6D86 /* UIBaseClass.h */ = {isa = PBXFileReference; fileEncoding = 4; lastKnownFileType = sourcecode.c.h; name = UIBaseClass.h; path = vendors/calendar/UIBaseClass.h; sourceTree = "<group>"; };
		16B35E7F1958574A00BA6D86 /* UIBaseClass.m */ = {isa = PBXFileReference; fileEncoding = 4; lastKnownFileType = sourcecode.c.objc; name = UIBaseClass.m; path = vendors/calendar/UIBaseClass.m; sourceTree = "<group>"; };
		16B35E871958579500BA6D86 /* MZTimerLabel.h */ = {isa = PBXFileReference; fileEncoding = 4; lastKnownFileType = sourcecode.c.h; name = MZTimerLabel.h; path = vendors/MZTimerLabel/MZTimerLabel.h; sourceTree = "<group>"; };
		16B35E881958579500BA6D86 /* MZTimerLabel.m */ = {isa = PBXFileReference; fileEncoding = 4; lastKnownFileType = sourcecode.c.objc; name = MZTimerLabel.m; path = vendors/MZTimerLabel/MZTimerLabel.m; sourceTree = "<group>"; };
		16B35E8A195857B500BA6D86 /* RECommonFunctions.h */ = {isa = PBXFileReference; fileEncoding = 4; lastKnownFileType = sourcecode.c.h; name = RECommonFunctions.h; path = vendors/RESideMenu/RECommonFunctions.h; sourceTree = "<group>"; };
		16B35E8B195857B500BA6D86 /* RECommonFunctions.m */ = {isa = PBXFileReference; fileEncoding = 4; lastKnownFileType = sourcecode.c.objc; name = RECommonFunctions.m; path = vendors/RESideMenu/RECommonFunctions.m; sourceTree = "<group>"; };
		16B35E8C195857B500BA6D86 /* RESideMenu.h */ = {isa = PBXFileReference; fileEncoding = 4; lastKnownFileType = sourcecode.c.h; name = RESideMenu.h; path = vendors/RESideMenu/RESideMenu.h; sourceTree = "<group>"; };
		16B35E8D195857B500BA6D86 /* RESideMenu.m */ = {isa = PBXFileReference; fileEncoding = 4; lastKnownFileType = sourcecode.c.objc; name = RESideMenu.m; path = vendors/RESideMenu/RESideMenu.m; sourceTree = "<group>"; };
		16B35E8E195857B500BA6D86 /* UIViewController+RESideMenu.h */ = {isa = PBXFileReference; fileEncoding = 4; lastKnownFileType = sourcecode.c.h; name = "UIViewController+RESideMenu.h"; path = "vendors/RESideMenu/UIViewController+RESideMenu.h"; sourceTree = "<group>"; };
		16B35E8F195857B500BA6D86 /* UIViewController+RESideMenu.m */ = {isa = PBXFileReference; fileEncoding = 4; lastKnownFileType = sourcecode.c.objc; name = "UIViewController+RESideMenu.m"; path = "vendors/RESideMenu/UIViewController+RESideMenu.m"; sourceTree = "<group>"; };
		16B35E93195857CA00BA6D86 /* SFCountdownView.h */ = {isa = PBXFileReference; fileEncoding = 4; lastKnownFileType = sourcecode.c.h; name = SFCountdownView.h; path = vendors/SFCountdownView/SFCountdownView.h; sourceTree = "<group>"; };
		16B35E94195857CA00BA6D86 /* SFCountdownView.m */ = {isa = PBXFileReference; fileEncoding = 4; lastKnownFileType = sourcecode.c.objc; name = SFCountdownView.m; path = vendors/SFCountdownView/SFCountdownView.m; sourceTree = "<group>"; };
		16B35E981958585E00BA6D86 /* greenRound-80-80.png */ = {isa = PBXFileReference; lastKnownFileType = image.png; name = "greenRound-80-80.png"; path = "resources/greenRound-80-80.png"; sourceTree = "<group>"; };
		16B35EA3195C424200BA6D86 /* iAd.framework */ = {isa = PBXFileReference; lastKnownFileType = wrapper.framework; name = iAd.framework; path = System/Library/Frameworks/iAd.framework; sourceTree = SDKROOT; };
		16B5E9601961446B007F2E42 /* MBProgressHUD.h */ = {isa = PBXFileReference; fileEncoding = 4; lastKnownFileType = sourcecode.c.h; name = MBProgressHUD.h; path = vendors/MBHUD/MBProgressHUD.h; sourceTree = "<group>"; };
		16B5E9611961446B007F2E42 /* MBProgressHUD.m */ = {isa = PBXFileReference; fileEncoding = 4; lastKnownFileType = sourcecode.c.objc; name = MBProgressHUD.m; path = vendors/MBHUD/MBProgressHUD.m; sourceTree = "<group>"; };
		16B5E97919618EDE007F2E42 /* AddressBookUI.framework */ = {isa = PBXFileReference; lastKnownFileType = wrapper.framework; name = AddressBookUI.framework; path = System/Library/Frameworks/AddressBookUI.framework; sourceTree = SDKROOT; };
		16D24DFF195D1E9C003D015B /* Eyes@2x.png */ = {isa = PBXFileReference; lastKnownFileType = image.png; name = "Eyes@2x.png"; path = "resources/Eyes@2x.png"; sourceTree = "<group>"; };
		16D24E01195D1F5E003D015B /* Experience@2x.png */ = {isa = PBXFileReference; lastKnownFileType = image.png; name = "Experience@2x.png"; path = "resources/Experience@2x.png"; sourceTree = "<group>"; };
		16D24E03195D2111003D015B /* Book@2x.png */ = {isa = PBXFileReference; lastKnownFileType = image.png; name = "Book@2x.png"; path = "resources/Book@2x.png"; sourceTree = "<group>"; };
		16D24E0A195D559D003D015B /* Specilized course@2x.png */ = {isa = PBXFileReference; lastKnownFileType = image.png; name = "Specilized course@2x.png"; path = "resources/Specilized course@2x.png"; sourceTree = "<group>"; };
/* End PBXFileReference section */

/* Begin PBXFrameworksBuildPhase section */
		16B35DCD1958539200BA6D86 /* Frameworks */ = {
			isa = PBXFrameworksBuildPhase;
			buildActionMask = 2147483647;
			files = (
				16B5E97A19618EDE007F2E42 /* AddressBookUI.framework in Frameworks */,
				16B35EA4195C424200BA6D86 /* iAd.framework in Frameworks */,
				16B35DD61958539200BA6D86 /* CoreGraphics.framework in Frameworks */,
				16B35DD81958539200BA6D86 /* UIKit.framework in Frameworks */,
				16B35DD41958539200BA6D86 /* Foundation.framework in Frameworks */,
			);
			runOnlyForDeploymentPostprocessing = 0;
		};
		16B35DEE1958539200BA6D86 /* Frameworks */ = {
			isa = PBXFrameworksBuildPhase;
			buildActionMask = 2147483647;
			files = (
				16B35DF31958539200BA6D86 /* XCTest.framework in Frameworks */,
				16B35DF51958539200BA6D86 /* UIKit.framework in Frameworks */,
				16B35DF41958539200BA6D86 /* Foundation.framework in Frameworks */,
			);
			runOnlyForDeploymentPostprocessing = 0;
		};
/* End PBXFrameworksBuildPhase section */

/* Begin PBXGroup section */
		16B35DC71958539200BA6D86 = {
			isa = PBXGroup;
			children = (
				16B35E0E195853CC00BA6D86 /* AppDelegate */,
				16B35E0D195853CA00BA6D86 /* Vendors */,
				16B35E0C195853C800BA6D86 /* General */,
				16B35E0B195853C700BA6D86 /* Resources */,
				16B35DD91958539200BA6D86 /* KY */,
				16B35DF81958539200BA6D86 /* KYTests */,
				16B35DD21958539200BA6D86 /* Frameworks */,
				16B35DD11958539200BA6D86 /* Products */,
			);
			sourceTree = "<group>";
		};
		16B35DD11958539200BA6D86 /* Products */ = {
			isa = PBXGroup;
			children = (
				16B35DD01958539200BA6D86 /* KY.app */,
				16B35DF11958539200BA6D86 /* KYTests.xctest */,
			);
			name = Products;
			sourceTree = "<group>";
		};
		16B35DD21958539200BA6D86 /* Frameworks */ = {
			isa = PBXGroup;
			children = (
				16B5E97919618EDE007F2E42 /* AddressBookUI.framework */,
				16B35EA3195C424200BA6D86 /* iAd.framework */,
				16B35DD31958539200BA6D86 /* Foundation.framework */,
				16B35DD51958539200BA6D86 /* CoreGraphics.framework */,
				16B35DD71958539200BA6D86 /* UIKit.framework */,
				16B35DF21958539200BA6D86 /* XCTest.framework */,
			);
			name = Frameworks;
			sourceTree = "<group>";
		};
		16B35DD91958539200BA6D86 /* KY */ = {
			isa = PBXGroup;
			children = (
				16B35DEB1958539200BA6D86 /* Images.xcassets */,
				16B35DDA1958539200BA6D86 /* Supporting Files */,
			);
			path = KY;
			sourceTree = "<group>";
		};
		16B35DDA1958539200BA6D86 /* Supporting Files */ = {
			isa = PBXGroup;
			children = (
				16B35DDB1958539200BA6D86 /* KY-Info.plist */,
				16B35DDC1958539200BA6D86 /* InfoPlist.strings */,
				16B35DDF1958539200BA6D86 /* main.m */,
				16B35DE11958539200BA6D86 /* KY-Prefix.pch */,
			);
			name = "Supporting Files";
			sourceTree = "<group>";
		};
		16B35DF81958539200BA6D86 /* KYTests */ = {
			isa = PBXGroup;
			children = (
				16B35DFE1958539200BA6D86 /* KYTests.m */,
				16B35DF91958539200BA6D86 /* Supporting Files */,
			);
			path = KYTests;
			sourceTree = "<group>";
		};
		16B35DF91958539200BA6D86 /* Supporting Files */ = {
			isa = PBXGroup;
			children = (
				16B35DFA1958539200BA6D86 /* KYTests-Info.plist */,
				16B35DFB1958539200BA6D86 /* InfoPlist.strings */,
			);
			name = "Supporting Files";
			sourceTree = "<group>";
		};
		16B35E0B195853C700BA6D86 /* Resources */ = {
			isa = PBXGroup;
			children = (
				16D24E0A195D559D003D015B /* Specilized course@2x.png */,
				16D24E03195D2111003D015B /* Book@2x.png */,
				16D24E01195D1F5E003D015B /* Experience@2x.png */,
				16D24DFF195D1E9C003D015B /* Eyes@2x.png */,
				16B35E981958585E00BA6D86 /* greenRound-80-80.png */,
				16B35E57195855E400BA6D86 /* IconCalendar@2x.png */,
				16B35E58195855E400BA6D86 /* IconHome@2x.png */,
				16B35E5A195855E400BA6D86 /* IconSettings@2x.png */,
				16B35E5C195855E400BA6D86 /* MenuBackground@2x.png */,
				16B35E5D195855E400BA6D86 /* nav_menu@2x.png */,
			);
			name = Resources;
			sourceTree = "<group>";
		};
		16B35E0C195853C800BA6D86 /* General */ = {
			isa = PBXGroup;
			children = (
				1605CFDA1974209700634339 /* Checklist.h */,
				1605CFDB1974209700634339 /* Checklist.m */,
				1605CFDC1974209700634339 /* ChecklistItem.h */,
				1605CFDD1974209700634339 /* ChecklistItem.m */,
				1605CFDE1974209700634339 /* DataModel.h */,
				1605CFDF1974209700634339 /* DataModel.m */,
				1605CF8D19741E2400634339 /* DialogView.h */,
				1605CF8B19741DE500634339 /* DialogView.m */,
				16B35DE51958539200BA6D86 /* Main.storyboard */,
				16B35E0F1958545D00BA6D86 /* Controllers */,
			);
			name = General;
			sourceTree = "<group>";
		};
		16B35E0D195853CA00BA6D86 /* Vendors */ = {
			isa = PBXGroup;
			children = (
				16B5E95C19614315007F2E42 /* HUD */,
				16B35E541958554400BA6D86 /* Calendar */,
				16B35E861958576D00BA6D86 /* MZTimerLabel */,
				16B35E851958576A00BA6D86 /* RESideMenu */,
				16B35E841958576800BA6D86 /* SFCountdownView */,
			);
			name = Vendors;
			sourceTree = "<group>";
		};
		16B35E0E195853CC00BA6D86 /* AppDelegate */ = {
			isa = PBXGroup;
			children = (
				16B35DE21958539200BA6D86 /* AppDelegate.h */,
				16B35DE31958539200BA6D86 /* AppDelegate.m */,
			);
			name = AppDelegate;
			sourceTree = "<group>";
		};
		16B35E0F1958545D00BA6D86 /* Controllers */ = {
			isa = PBXGroup;
			children = (
				1605CFB519741EC100634339 /* RootViewController.h */,
				1605CFB619741EC100634339 /* RootViewController.m */,
				1605CFB319741EC100634339 /* LeftMenuViewController.h */,
				1605CFB419741EC100634339 /* LeftMenuViewController.m */,
				1605CFAF19741EC100634339 /* FirstViewController.h */,
				1605CFB019741EC100634339 /* FirstViewController.m */,
				1605CFD11974208E00634339 /* ChecklistViewController.h */,
				1605CFD21974208E00634339 /* ChecklistViewController.m */,
				1605CFD31974208E00634339 /* IconPickerViewController.h */,
				1605CFD41974208E00634339 /* IconPickerViewController.m */,
				1605CFD51974208E00634339 /* ItemDetailViewController.h */,
				1605CFD61974208E00634339 /* ItemDetailViewController.m */,
				1605CFCE1974204300634339 /* ListDetailViewController.h */,
				1605CFCF1974204300634339 /* ListDetailViewController.m */,
				1605CFB719741EC100634339 /* SecondViewController.h */,
				1605CFB819741EC100634339 /* SecondViewController.m */,
				1605CFB919741EC100634339 /* ThirdViewController.h */,
				1605CFBA19741EC100634339 /* ThirdViewController.m */,
				1605CFB119741EC100634339 /* FourthViewController.h */,
				1605CFB219741EC100634339 /* FourthViewController.m */,
				1605CFAD19741EC100634339 /* FifthViewController.h */,
				1605CFAE19741EC100634339 /* FifthViewController.m */,
			);
			name = Controllers;
			sourceTree = "<group>";
		};
		16B35E541958554400BA6D86 /* Calendar */ = {
			isa = PBXGroup;
			children = (
				16B35E7C1958574A00BA6D86 /* CalendarDateUtil.h */,
				16B35E7D1958574A00BA6D86 /* CalendarDateUtil.m */,
				16B35E7E1958574A00BA6D86 /* UIBaseClass.h */,
				16B35E7F1958574A00BA6D86 /* UIBaseClass.m */,
			);
			name = Calendar;
			sourceTree = "<group>";
		};
		16B35E841958576800BA6D86 /* SFCountdownView */ = {
			isa = PBXGroup;
			children = (
				16B35E93195857CA00BA6D86 /* SFCountdownView.h */,
				16B35E94195857CA00BA6D86 /* SFCountdownView.m */,
			);
			name = SFCountdownView;
			sourceTree = "<group>";
		};
		16B35E851958576A00BA6D86 /* RESideMenu */ = {
			isa = PBXGroup;
			children = (
				16B35E8A195857B500BA6D86 /* RECommonFunctions.h */,
				16B35E8B195857B500BA6D86 /* RECommonFunctions.m */,
				16B35E8C195857B500BA6D86 /* RESideMenu.h */,
				16B35E8D195857B500BA6D86 /* RESideMenu.m */,
				16B35E8E195857B500BA6D86 /* UIViewController+RESideMenu.h */,
				16B35E8F195857B500BA6D86 /* UIViewController+RESideMenu.m */,
			);
			name = RESideMenu;
			sourceTree = "<group>";
		};
		16B35E861958576D00BA6D86 /* MZTimerLabel */ = {
			isa = PBXGroup;
			children = (
				16B35E871958579500BA6D86 /* MZTimerLabel.h */,
				16B35E881958579500BA6D86 /* MZTimerLabel.m */,
			);
			name = MZTimerLabel;
			sourceTree = "<group>";
		};
		16B5E95C19614315007F2E42 /* HUD */ = {
			isa = PBXGroup;
			children = (
				16B5E9601961446B007F2E42 /* MBProgressHUD.h */,
				16B5E9611961446B007F2E42 /* MBProgressHUD.m */,
			);
			name = HUD;
			sourceTree = "<group>";
		};
/* End PBXGroup section */

/* Begin PBXNativeTarget section */
		16B35DCF1958539200BA6D86 /* KY */ = {
			isa = PBXNativeTarget;
			buildConfigurationList = 16B35E021958539200BA6D86 /* Build configuration list for PBXNativeTarget "KY" */;
			buildPhases = (
				16B35DCC1958539200BA6D86 /* Sources */,
				16B35DCD1958539200BA6D86 /* Frameworks */,
				16B35DCE1958539200BA6D86 /* Resources */,
			);
			buildRules = (
			);
			dependencies = (
			);
			name = KY;
			productName = KY;
			productReference = 16B35DD01958539200BA6D86 /* KY.app */;
			productType = "com.apple.product-type.application";
		};
		16B35DF01958539200BA6D86 /* KYTests */ = {
			isa = PBXNativeTarget;
			buildConfigurationList = 16B35E051958539200BA6D86 /* Build configuration list for PBXNativeTarget "KYTests" */;
			buildPhases = (
				16B35DED1958539200BA6D86 /* Sources */,
				16B35DEE1958539200BA6D86 /* Frameworks */,
				16B35DEF1958539200BA6D86 /* Resources */,
			);
			buildRules = (
			);
			dependencies = (
				16B35DF71958539200BA6D86 /* PBXTargetDependency */,
			);
			name = KYTests;
			productName = KYTests;
			productReference = 16B35DF11958539200BA6D86 /* KYTests.xctest */;
			productType = "com.apple.product-type.bundle.unit-test";
		};
/* End PBXNativeTarget section */

/* Begin PBXProject section */
		16B35DC81958539200BA6D86 /* Project object */ = {
			isa = PBXProject;
			attributes = {
				LastUpgradeCheck = 0510;
				ORGANIZATIONNAME = CCNU;
				TargetAttributes = {
					16B35DCF1958539200BA6D86 = {
						DevelopmentTeam = 3ZQAL882AC;
					};
					16B35DF01958539200BA6D86 = {
						TestTargetID = 16B35DCF1958539200BA6D86;
					};
				};
			};
			buildConfigurationList = 16B35DCB1958539200BA6D86 /* Build configuration list for PBXProject "KY" */;
			compatibilityVersion = "Xcode 3.2";
			developmentRegion = English;
			hasScannedForEncodings = 0;
			knownRegions = (
				en,
				Base,
			);
			mainGroup = 16B35DC71958539200BA6D86;
			productRefGroup = 16B35DD11958539200BA6D86 /* Products */;
			projectDirPath = "";
			projectRoot = "";
			targets = (
				16B35DCF1958539200BA6D86 /* KY */,
				16B35DF01958539200BA6D86 /* KYTests */,
			);
		};
/* End PBXProject section */

/* Begin PBXResourcesBuildPhase section */
		16B35DCE1958539200BA6D86 /* Resources */ = {
			isa = PBXResourcesBuildPhase;
			buildActionMask = 2147483647;
			files = (
				16B5E97519617E45007F2E42 /* Main.storyboard in Resources */,
				16B35DEC1958539200BA6D86 /* Images.xcassets in Resources */,
				16B35E66195855E400BA6D86 /* nav_menu@2x.png in Resources */,
				16D24E02195D1F5E003D015B /* Experience@2x.png in Resources */,
				16B35E65195855E400BA6D86 /* MenuBackground@2x.png in Resources */,
				16B35DDE1958539200BA6D86 /* InfoPlist.strings in Resources */,
				16B35E63195855E400BA6D86 /* IconSettings@2x.png in Resources */,
				16B35E60195855E400BA6D86 /* IconCalendar@2x.png in Resources */,
				16B35E61195855E400BA6D86 /* IconHome@2x.png in Resources */,
				16D24E0B195D559D003D015B /* Specilized course@2x.png in Resources */,
				16D24E00195D1E9C003D015B /* Eyes@2x.png in Resources */,
				16B35E991958585E00BA6D86 /* greenRound-80-80.png in Resources */,
				16D24E04195D2111003D015B /* Book@2x.png in Resources */,
			);
			runOnlyForDeploymentPostprocessing = 0;
		};
		16B35DEF1958539200BA6D86 /* Resources */ = {
			isa = PBXResourcesBuildPhase;
			buildActionMask = 2147483647;
			files = (
				16B35DFD1958539200BA6D86 /* InfoPlist.strings in Resources */,
			);
			runOnlyForDeploymentPostprocessing = 0;
		};
/* End PBXResourcesBuildPhase section */

/* Begin PBXSourcesBuildPhase section */
		16B35DCC1958539200BA6D86 /* Sources */ = {
			isa = PBXSourcesBuildPhase;
			buildActionMask = 2147483647;
			files = (
				1605CFC019741EC100634339 /* SecondViewController.m in Sources */,
				1605CFBB19741EC100634339 /* FifthViewController.m in Sources */,
				16B35E801958574A00BA6D86 /* CalendarDateUtil.m in Sources */,
				16B35DE41958539200BA6D86 /* AppDelegate.m in Sources */,
				16B35E891958579500BA6D86 /* MZTimerLabel.m in Sources */,
				1605CFE11974209700634339 /* ChecklistItem.m in Sources */,
				1605CFC119741EC100634339 /* ThirdViewController.m in Sources */,
				16B35E811958574A00BA6D86 /* UIBaseClass.m in Sources */,
				1605CFD81974208E00634339 /* IconPickerViewController.m in Sources */,
				1605CFBC19741EC100634339 /* FirstViewController.m in Sources */,
				16B35E90195857B500BA6D86 /* RECommonFunctions.m in Sources */,
				1605CFBD19741EC100634339 /* FourthViewController.m in Sources */,
				16B35E91195857B500BA6D86 /* RESideMenu.m in Sources */,
				1605CFE21974209700634339 /* DataModel.m in Sources */,
				1605CFBF19741EC100634339 /* RootViewController.m in Sources */,
				1605CFBE19741EC100634339 /* LeftMenuViewController.m in Sources */,
				16B5E9621961446B007F2E42 /* MBProgressHUD.m in Sources */,
				16B35DE01958539200BA6D86 /* main.m in Sources */,
				1605CFE01974209700634339 /* Checklist.m in Sources */,
				1605CF8C19741DE500634339 /* DialogView.m in Sources */,
				16B35E95195857CA00BA6D86 /* SFCountdownView.m in Sources */,
				1605CFD01974204300634339 /* ListDetailViewController.m in Sources */,
				16B35E92195857B500BA6D86 /* UIViewController+RESideMenu.m in Sources */,
				1605CFD71974208E00634339 /* ChecklistViewController.m in Sources */,
				1605CFD91974208E00634339 /* ItemDetailViewController.m in Sources */,
			);
			runOnlyForDeploymentPostprocessing = 0;
		};
		16B35DED1958539200BA6D86 /* Sources */ = {
			isa = PBXSourcesBuildPhase;
			buildActionMask = 2147483647;
			files = (
				16B35DFF1958539200BA6D86 /* KYTests.m in Sources */,
			);
			runOnlyForDeploymentPostprocessing = 0;
		};
/* End PBXSourcesBuildPhase section */

/* Begin PBXTargetDependency section */
		16B35DF71958539200BA6D86 /* PBXTargetDependency */ = {
			isa = PBXTargetDependency;
			target = 16B35DCF1958539200BA6D86 /* KY */;
			targetProxy = 16B35DF61958539200BA6D86 /* PBXContainerItemProxy */;
		};
/* End PBXTargetDependency section */

/* Begin PBXVariantGroup section */
		16B35DDC1958539200BA6D86 /* InfoPlist.strings */ = {
			isa = PBXVariantGroup;
			children = (
				16B35DDD1958539200BA6D86 /* en */,
			);
			name = InfoPlist.strings;
			sourceTree = "<group>";
		};
		16B35DE51958539200BA6D86 /* Main.storyboard */ = {
			isa = PBXVariantGroup;
			children = (
				16B35DE61958539200BA6D86 /* Base */,
			);
			name = Main.storyboard;
			path = KY;
			sourceTree = "<group>";
		};
		16B35DFB1958539200BA6D86 /* InfoPlist.strings */ = {
			isa = PBXVariantGroup;
			children = (
				16B35DFC1958539200BA6D86 /* en */,
			);
			name = InfoPlist.strings;
			sourceTree = "<group>";
		};
/* End PBXVariantGroup section */

/* Begin XCBuildConfiguration section */
		16B35E001958539200BA6D86 /* Debug */ = {
			isa = XCBuildConfiguration;
			buildSettings = {
				ALWAYS_SEARCH_USER_PATHS = NO;
				CLANG_CXX_LANGUAGE_STANDARD = "gnu++0x";
				CLANG_CXX_LIBRARY = "libc++";
				CLANG_ENABLE_MODULES = YES;
				CLANG_ENABLE_OBJC_ARC = YES;
				CLANG_WARN_BOOL_CONVERSION = YES;
				CLANG_WARN_CONSTANT_CONVERSION = YES;
				CLANG_WARN_DIRECT_OBJC_ISA_USAGE = YES_ERROR;
				CLANG_WARN_EMPTY_BODY = YES;
				CLANG_WARN_ENUM_CONVERSION = YES;
				CLANG_WARN_INT_CONVERSION = YES;
				CLANG_WARN_OBJC_ROOT_CLASS = YES_ERROR;
				CLANG_WARN__DUPLICATE_METHOD_MATCH = YES;
				"CODE_SIGN_IDENTITY[sdk=iphoneos*]" = "iPhone Developer";
				COPY_PHASE_STRIP = NO;
				GCC_C_LANGUAGE_STANDARD = gnu99;
				GCC_DYNAMIC_NO_PIC = NO;
				GCC_OPTIMIZATION_LEVEL = 0;
				GCC_PREPROCESSOR_DEFINITIONS = (
					"DEBUG=1",
					"$(inherited)",
				);
				GCC_SYMBOLS_PRIVATE_EXTERN = NO;
				GCC_WARN_64_TO_32_BIT_CONVERSION = YES;
				GCC_WARN_ABOUT_RETURN_TYPE = YES_ERROR;
				GCC_WARN_UNDECLARED_SELECTOR = YES;
				GCC_WARN_UNINITIALIZED_AUTOS = YES_AGGRESSIVE;
				GCC_WARN_UNUSED_FUNCTION = YES;
				GCC_WARN_UNUSED_VARIABLE = YES;
				IPHONEOS_DEPLOYMENT_TARGET = 7.1;
				ONLY_ACTIVE_ARCH = YES;
				SDKROOT = iphoneos;
			};
			name = Debug;
		};
		16B35E011958539200BA6D86 /* Release */ = {
			isa = XCBuildConfiguration;
			buildSettings = {
				ALWAYS_SEARCH_USER_PATHS = NO;
				CLANG_CXX_LANGUAGE_STANDARD = "gnu++0x";
				CLANG_CXX_LIBRARY = "libc++";
				CLANG_ENABLE_MODULES = YES;
				CLANG_ENABLE_OBJC_ARC = YES;
				CLANG_WARN_BOOL_CONVERSION = YES;
				CLANG_WARN_CONSTANT_CONVERSION = YES;
				CLANG_WARN_DIRECT_OBJC_ISA_USAGE = YES_ERROR;
				CLANG_WARN_EMPTY_BODY = YES;
				CLANG_WARN_ENUM_CONVERSION = YES;
				CLANG_WARN_INT_CONVERSION = YES;
				CLANG_WARN_OBJC_ROOT_CLASS = YES_ERROR;
				CLANG_WARN__DUPLICATE_METHOD_MATCH = YES;
				"CODE_SIGN_IDENTITY[sdk=iphoneos*]" = "iPhone Developer";
				COPY_PHASE_STRIP = YES;
				ENABLE_NS_ASSERTIONS = NO;
				GCC_C_LANGUAGE_STANDARD = gnu99;
				GCC_WARN_64_TO_32_BIT_CONVERSION = YES;
				GCC_WARN_ABOUT_RETURN_TYPE = YES_ERROR;
				GCC_WARN_UNDECLARED_SELECTOR = YES;
				GCC_WARN_UNINITIALIZED_AUTOS = YES_AGGRESSIVE;
				GCC_WARN_UNUSED_FUNCTION = YES;
				GCC_WARN_UNUSED_VARIABLE = YES;
				IPHONEOS_DEPLOYMENT_TARGET = 7.1;
				SDKROOT = iphoneos;
				VALIDATE_PRODUCT = YES;
			};
			name = Release;
		};
		16B35E031958539200BA6D86 /* Debug */ = {
			isa = XCBuildConfiguration;
			buildSettings = {
				ASSETCATALOG_COMPILER_APPICON_NAME = AppIcon;
				ASSETCATALOG_COMPILER_LAUNCHIMAGE_NAME = LaunchImage;
				CODE_SIGN_IDENTITY = "iPhone Developer";
				"CODE_SIGN_IDENTITY[sdk=iphoneos*]" = "iPhone Developer";
				GCC_PRECOMPILE_PREFIX_HEADER = YES;
				GCC_PREFIX_HEADER = "KY/KY-Prefix.pch";
				INFOPLIST_FILE = "KY/KY-Info.plist";
				PRODUCT_NAME = "$(TARGET_NAME)";
				PROVISIONING_PROFILE = "";
				WRAPPER_EXTENSION = app;
			};
			name = Debug;
		};
		16B35E041958539200BA6D86 /* Release */ = {
			isa = XCBuildConfiguration;
			buildSettings = {
				ASSETCATALOG_COMPILER_APPICON_NAME = AppIcon;
				ASSETCATALOG_COMPILER_LAUNCHIMAGE_NAME = LaunchImage;
				CODE_SIGN_IDENTITY = "iPhone Developer";
				"CODE_SIGN_IDENTITY[sdk=iphoneos*]" = "iPhone Developer";
				GCC_PRECOMPILE_PREFIX_HEADER = YES;
				GCC_PREFIX_HEADER = "KY/KY-Prefix.pch";
				INFOPLIST_FILE = "KY/KY-Info.plist";
				PRODUCT_NAME = "$(TARGET_NAME)";
				PROVISIONING_PROFILE = "";
				WRAPPER_EXTENSION = app;
			};
			name = Release;
		};
		16B35E061958539200BA6D86 /* Debug */ = {
			isa = XCBuildConfiguration;
			buildSettings = {
				BUNDLE_LOADER = "$(BUILT_PRODUCTS_DIR)/KY.app/KY";
				FRAMEWORK_SEARCH_PATHS = (
					"$(SDKROOT)/Developer/Library/Frameworks",
					"$(inherited)",
					"$(DEVELOPER_FRAMEWORKS_DIR)",
				);
				GCC_PRECOMPILE_PREFIX_HEADER = YES;
				GCC_PREFIX_HEADER = "KY/KY-Prefix.pch";
				GCC_PREPROCESSOR_DEFINITIONS = (
					"DEBUG=1",
					"$(inherited)",
				);
				INFOPLIST_FILE = "KYTests/KYTests-Info.plist";
				PRODUCT_NAME = "$(TARGET_NAME)";
				TEST_HOST = "$(BUNDLE_LOADER)";
				WRAPPER_EXTENSION = xctest;
			};
			name = Debug;
		};
		16B35E071958539200BA6D86 /* Release */ = {
			isa = XCBuildConfiguration;
			buildSettings = {
				BUNDLE_LOADER = "$(BUILT_PRODUCTS_DIR)/KY.app/KY";
				FRAMEWORK_SEARCH_PATHS = (
					"$(SDKROOT)/Developer/Library/Frameworks",
					"$(inherited)",
					"$(DEVELOPER_FRAMEWORKS_DIR)",
				);
				GCC_PRECOMPILE_PREFIX_HEADER = YES;
				GCC_PREFIX_HEADER = "KY/KY-Prefix.pch";
				INFOPLIST_FILE = "KYTests/KYTests-Info.plist";
				PRODUCT_NAME = "$(TARGET_NAME)";
				TEST_HOST = "$(BUNDLE_LOADER)";
				WRAPPER_EXTENSION = xctest;
			};
			name = Release;
		};
/* End XCBuildConfiguration section */

/* Begin XCConfigurationList section */
		16B35DCB1958539200BA6D86 /* Build configuration list for PBXProject "KY" */ = {
			isa = XCConfigurationList;
			buildConfigurations = (
				16B35E001958539200BA6D86 /* Debug */,
				16B35E011958539200BA6D86 /* Release */,
			);
			defaultConfigurationIsVisible = 0;
			defaultConfigurationName = Release;
		};
		16B35E021958539200BA6D86 /* Build configuration list for PBXNativeTarget "KY" */ = {
			isa = XCConfigurationList;
			buildConfigurations = (
				16B35E031958539200BA6D86 /* Debug */,
				16B35E041958539200BA6D86 /* Release */,
			);
			defaultConfigurationIsVisible = 0;
			defaultConfigurationName = Release;
		};
		16B35E051958539200BA6D86 /* Build configuration list for PBXNativeTarget "KYTests" */ = {
			isa = XCConfigurationList;
			buildConfigurations = (
				16B35E061958539200BA6D86 /* Debug */,
				16B35E071958539200BA6D86 /* Release */,
			);
			defaultConfigurationIsVisible = 0;
			defaultConfigurationName = Release;
		};
/* End XCConfigurationList section */
	};
	rootObject = 16B35DC81958539200BA6D86 /* Project object */;
}
